
Microsoft Visual Studio Solution File, Format Version 12.00
# Visual Studio Version 17
VisualStudioVersion = 17.8.34322.80
MinimumVisualStudioVersion = 10.0.40219.1
Project("{9A19103F-16F7-4668-BE54-9A1E7A4F7556}") = "REAgency.BLL", "REAgency.BLL.csproj", "{DB122972-B136-42EB-94F5-7D879A60AD6C}"
EndProject
Global
	GlobalSection(SolutionConfigurationPlatforms) = preSolution
		Debug|Any CPU = Debug|Any CPU
		Release|Any CPU = Release|Any CPU
	EndGlobalSection
	GlobalSection(ProjectConfigurationPlatforms) = postSolution
		{DB122972-B136-42EB-94F5-7D879A60AD6C}.Debug|Any CPU.ActiveCfg = Debug|Any CPU
		{DB122972-B136-42EB-94F5-7D879A60AD6C}.Debug|Any CPU.Build.0 = Debug|Any CPU
		{DB122972-B136-42EB-94F5-7D879A60AD6C}.Release|Any CPU.ActiveCfg = Release|Any CPU
		{DB122972-B136-42EB-94F5-7D879A60AD6C}.Release|Any CPU.Build.0 = Release|Any CPU
	EndGlobalSection
	GlobalSection(SolutionProperties) = preSolution
		HideSolutionNode = FALSE
	EndGlobalSection
	GlobalSection(ExtensibilityGlobals) = postSolution
		SolutionGuid = {EF74E674-A458-4E30-99A2-CE393CD30CC7}
	EndGlobalSection
EndGlobal
